// !$*UTF8*$!
{
	archiveVersion = 1;
	classes = {
	};
	objectVersion = 46;
	objects = {

/* Begin PBXBuildFile section */
		1EA54B161AEC046500CDDBCF /* MenuControl.swift in Sources */ = {isa = PBXBuildFile; fileRef = 1EA54B151AEC046500CDDBCF /* MenuControl.swift */; };
		3DD57E7D1AEB670400FCFFED /* DragView.swift in Sources */ = {isa = PBXBuildFile; fileRef = 3DD57E7C1AEB670400FCFFED /* DragView.swift */; };
		3DD57E7F1AEBEA6200FCFFED /* TableViewCell.swift in Sources */ = {isa = PBXBuildFile; fileRef = 3DD57E7E1AEBEA6200FCFFED /* TableViewCell.swift */; };
		3DD57E831AEC03BC00FCFFED /* AddTableViewCell.swift in Sources */ = {isa = PBXBuildFile; fileRef = 3DD57E821AEC03BC00FCFFED /* AddTableViewCell.swift */; };
		F627BEF41AEBE60600ECE810 /* TableData.swift in Sources */ = {isa = PBXBuildFile; fileRef = F627BEF31AEBE60600ECE810 /* TableData.swift */; };
		F6FF4FA61AEB5DEE00D3F535 /* AppDelegate.swift in Sources */ = {isa = PBXBuildFile; fileRef = F6FF4FA51AEB5DEE00D3F535 /* AppDelegate.swift */; };
		F6FF4FA91AEB5DEE00D3F535 /* TabTable.xcdatamodeld in Sources */ = {isa = PBXBuildFile; fileRef = F6FF4FA71AEB5DEE00D3F535 /* TabTable.xcdatamodeld */; };
		F6FF4FAB1AEB5DEE00D3F535 /* Images.xcassets in Resources */ = {isa = PBXBuildFile; fileRef = F6FF4FAA1AEB5DEE00D3F535 /* Images.xcassets */; };
		F6FF4FAE1AEB5DEE00D3F535 /* MainMenu.xib in Resources */ = {isa = PBXBuildFile; fileRef = F6FF4FAC1AEB5DEE00D3F535 /* MainMenu.xib */; };
		F6FF4FBA1AEB5DEE00D3F535 /* TabTableTests.swift in Sources */ = {isa = PBXBuildFile; fileRef = F6FF4FB91AEB5DEE00D3F535 /* TabTableTests.swift */; };
		F6FF4FC61AEB5E4F00D3F535 /* TableItemData.swift in Sources */ = {isa = PBXBuildFile; fileRef = F6FF4FC51AEB5E4F00D3F535 /* TableItemData.swift */; };
		F6FF4FC81AEB5E6000D3F535 /* TableItemDoc.swift in Sources */ = {isa = PBXBuildFile; fileRef = F6FF4FC71AEB5E6000D3F535 /* TableItemDoc.swift */; };
		F6FF4FCB1AEB5E8F00D3F535 /* MasterViewController.swift in Sources */ = {isa = PBXBuildFile; fileRef = F6FF4FC91AEB5E8F00D3F535 /* MasterViewController.swift */; };
		F6FF4FCC1AEB5E8F00D3F535 /* MasterViewController.xib in Resources */ = {isa = PBXBuildFile; fileRef = F6FF4FCA1AEB5E8F00D3F535 /* MasterViewController.xib */; };
		F6FF4FCE1AEB5EAA00D3F535 /* ViewController.swift in Sources */ = {isa = PBXBuildFile; fileRef = F6FF4FCD1AEB5EAA00D3F535 /* ViewController.swift */; };
/* End PBXBuildFile section */

/* Begin PBXContainerItemProxy section */
		F6FF4FB41AEB5DEE00D3F535 /* PBXContainerItemProxy */ = {
			isa = PBXContainerItemProxy;
			containerPortal = F6FF4F981AEB5DED00D3F535 /* Project object */;
			proxyType = 1;
			remoteGlobalIDString = F6FF4F9F1AEB5DED00D3F535;
			remoteInfo = TabTable;
		};
/* End PBXContainerItemProxy section */

/* Begin PBXFileReference section */
		1EA54B151AEC046500CDDBCF /* MenuControl.swift */ = {isa = PBXFileReference; fileEncoding = 4; lastKnownFileType = sourcecode.swift; path = MenuControl.swift; sourceTree = "<group>"; };
		3DD57E7C1AEB670400FCFFED /* DragView.swift */ = {isa = PBXFileReference; fileEncoding = 4; lastKnownFileType = sourcecode.swift; path = DragView.swift; sourceTree = "<group>"; };
		3DD57E7E1AEBEA6200FCFFED /* TableViewCell.swift */ = {isa = PBXFileReference; fileEncoding = 4; lastKnownFileType = sourcecode.swift; path = TableViewCell.swift; sourceTree = "<group>"; };
		3DD57E821AEC03BC00FCFFED /* AddTableViewCell.swift */ = {isa = PBXFileReference; fileEncoding = 4; lastKnownFileType = sourcecode.swift; name = AddTableViewCell.swift; path = ../AddTableViewCell.swift; sourceTree = "<group>"; };
		F627BEF31AEBE60600ECE810 /* TableData.swift */ = {isa = PBXFileReference; fileEncoding = 4; lastKnownFileType = sourcecode.swift; path = TableData.swift; sourceTree = "<group>"; };
		F6FF4FA01AEB5DED00D3F535 /* TabTable.app */ = {isa = PBXFileReference; explicitFileType = wrapper.application; includeInIndex = 0; path = TabTable.app; sourceTree = BUILT_PRODUCTS_DIR; };
		F6FF4FA41AEB5DED00D3F535 /* Info.plist */ = {isa = PBXFileReference; lastKnownFileType = text.plist.xml; path = Info.plist; sourceTree = "<group>"; };
		F6FF4FA51AEB5DEE00D3F535 /* AppDelegate.swift */ = {isa = PBXFileReference; lastKnownFileType = sourcecode.swift; path = AppDelegate.swift; sourceTree = "<group>"; };
		F6FF4FA81AEB5DEE00D3F535 /* TabTable.xcdatamodel */ = {isa = PBXFileReference; lastKnownFileType = wrapper.xcdatamodel; path = TabTable.xcdatamodel; sourceTree = "<group>"; };
		F6FF4FAA1AEB5DEE00D3F535 /* Images.xcassets */ = {isa = PBXFileReference; lastKnownFileType = folder.assetcatalog; path = Images.xcassets; sourceTree = "<group>"; };
		F6FF4FAD1AEB5DEE00D3F535 /* Base */ = {isa = PBXFileReference; lastKnownFileType = file.xib; name = Base; path = Base.lproj/MainMenu.xib; sourceTree = "<group>"; };
		F6FF4FB31AEB5DEE00D3F535 /* TabTableTests.xctest */ = {isa = PBXFileReference; explicitFileType = wrapper.cfbundle; includeInIndex = 0; path = TabTableTests.xctest; sourceTree = BUILT_PRODUCTS_DIR; };
		F6FF4FB81AEB5DEE00D3F535 /* Info.plist */ = {isa = PBXFileReference; lastKnownFileType = text.plist.xml; path = Info.plist; sourceTree = "<group>"; };
		F6FF4FB91AEB5DEE00D3F535 /* TabTableTests.swift */ = {isa = PBXFileReference; lastKnownFileType = sourcecode.swift; path = TabTableTests.swift; sourceTree = "<group>"; };
		F6FF4FC51AEB5E4F00D3F535 /* TableItemData.swift */ = {isa = PBXFileReference; fileEncoding = 4; lastKnownFileType = sourcecode.swift; path = TableItemData.swift; sourceTree = "<group>"; };
		F6FF4FC71AEB5E6000D3F535 /* TableItemDoc.swift */ = {isa = PBXFileReference; fileEncoding = 4; lastKnownFileType = sourcecode.swift; path = TableItemDoc.swift; sourceTree = "<group>"; };
		F6FF4FC91AEB5E8F00D3F535 /* MasterViewController.swift */ = {isa = PBXFileReference; fileEncoding = 4; lastKnownFileType = sourcecode.swift; path = MasterViewController.swift; sourceTree = "<group>"; };
		F6FF4FCA1AEB5E8F00D3F535 /* MasterViewController.xib */ = {isa = PBXFileReference; fileEncoding = 4; lastKnownFileType = file.xib; path = MasterViewController.xib; sourceTree = "<group>"; };
		F6FF4FCD1AEB5EAA00D3F535 /* ViewController.swift */ = {isa = PBXFileReference; fileEncoding = 4; lastKnownFileType = sourcecode.swift; path = ViewController.swift; sourceTree = "<group>"; };
/* End PBXFileReference section */

/* Begin PBXFrameworksBuildPhase section */
		F6FF4F9D1AEB5DED00D3F535 /* Frameworks */ = {
			isa = PBXFrameworksBuildPhase;
			buildActionMask = 2147483647;
			files = (
			);
			runOnlyForDeploymentPostprocessing = 0;
		};
		F6FF4FB01AEB5DEE00D3F535 /* Frameworks */ = {
			isa = PBXFrameworksBuildPhase;
			buildActionMask = 2147483647;
			files = (
			);
			runOnlyForDeploymentPostprocessing = 0;
		};
/* End PBXFrameworksBuildPhase section */

/* Begin PBXGroup section */
		F6FF4F971AEB5DED00D3F535 = {
			isa = PBXGroup;
			children = (
				F6FF4FA21AEB5DED00D3F535 /* TabTable */,
				F6FF4FB61AEB5DEE00D3F535 /* TabTableTests */,
				F6FF4FA11AEB5DED00D3F535 /* Products */,
			);
			sourceTree = "<group>";
		};
		F6FF4FA11AEB5DED00D3F535 /* Products */ = {
			isa = PBXGroup;
			children = (
				F6FF4FA01AEB5DED00D3F535 /* TabTable.app */,
				F6FF4FB31AEB5DEE00D3F535 /* TabTableTests.xctest */,
			);
			name = Products;
			sourceTree = "<group>";
		};
		F6FF4FA21AEB5DED00D3F535 /* TabTable */ = {
			isa = PBXGroup;
			children = (
				F6FF4FCF1AEB64FC00D3F535 /* Views */,
				F6FF4FC41AEB5E0100D3F535 /* Model */,
				F6FF4FC31AEB5DF600D3F535 /* GUI */,
				F6FF4FAA1AEB5DEE00D3F535 /* Images.xcassets */,
				F6FF4FA31AEB5DED00D3F535 /* Supporting Files */,
			);
			path = TabTable;
			sourceTree = "<group>";
		};
		F6FF4FA31AEB5DED00D3F535 /* Supporting Files */ = {
			isa = PBXGroup;
			children = (
				F6FF4FA41AEB5DED00D3F535 /* Info.plist */,
			);
			name = "Supporting Files";
			sourceTree = "<group>";
		};
		F6FF4FB61AEB5DEE00D3F535 /* TabTableTests */ = {
			isa = PBXGroup;
			children = (
				F6FF4FB91AEB5DEE00D3F535 /* TabTableTests.swift */,
				F6FF4FB71AEB5DEE00D3F535 /* Supporting Files */,
			);
			path = TabTableTests;
			sourceTree = "<group>";
		};
		F6FF4FB71AEB5DEE00D3F535 /* Supporting Files */ = {
			isa = PBXGroup;
			children = (
				F6FF4FB81AEB5DEE00D3F535 /* Info.plist */,
			);
			name = "Supporting Files";
			sourceTree = "<group>";
		};
		F6FF4FC31AEB5DF600D3F535 /* GUI */ = {
			isa = PBXGroup;
			children = (
				3DD57E821AEC03BC00FCFFED /* AddTableViewCell.swift */,
				3DD57E7C1AEB670400FCFFED /* DragView.swift */,
				F6FF4FAC1AEB5DEE00D3F535 /* MainMenu.xib */,
				F6FF4FA51AEB5DEE00D3F535 /* AppDelegate.swift */,
				1EA54B151AEC046500CDDBCF /* MenuControl.swift */,
				F6FF4FA71AEB5DEE00D3F535 /* TabTable.xcdatamodeld */,
				F627BEF31AEBE60600ECE810 /* TableData.swift */,
				F6FF4FC91AEB5E8F00D3F535 /* MasterViewController.swift */,
				3DD57E7E1AEBEA6200FCFFED /* TableViewCell.swift */,
				F6FF4FCA1AEB5E8F00D3F535 /* MasterViewController.xib */,
				F6FF4FCD1AEB5EAA00D3F535 /* ViewController.swift */,
			);
			name = GUI;
			sourceTree = "<group>";
		};
		F6FF4FC41AEB5E0100D3F535 /* Model */ = {
			isa = PBXGroup;
			children = (
				F6FF4FC51AEB5E4F00D3F535 /* TableItemData.swift */,
				F6FF4FC71AEB5E6000D3F535 /* TableItemDoc.swift */,
			);
			name = Model;
			sourceTree = "<group>";
		};
		F6FF4FCF1AEB64FC00D3F535 /* Views */ = {
			isa = PBXGroup;
			children = (
			);
			name = Views;
			sourceTree = "<group>";
		};
/* End PBXGroup section */

/* Begin PBXNativeTarget section */
		F6FF4F9F1AEB5DED00D3F535 /* TabTable */ = {
			isa = PBXNativeTarget;
			buildConfigurationList = F6FF4FBD1AEB5DEE00D3F535 /* Build configuration list for PBXNativeTarget "TabTable" */;
			buildPhases = (
				F6FF4F9C1AEB5DED00D3F535 /* Sources */,
				F6FF4F9D1AEB5DED00D3F535 /* Frameworks */,
				F6FF4F9E1AEB5DED00D3F535 /* Resources */,
			);
			buildRules = (
			);
			dependencies = (
			);
			name = TabTable;
			productName = TabTable;
			productReference = F6FF4FA01AEB5DED00D3F535 /* TabTable.app */;
			productType = "com.apple.product-type.application";
		};
		F6FF4FB21AEB5DEE00D3F535 /* TabTableTests */ = {
			isa = PBXNativeTarget;
			buildConfigurationList = F6FF4FC01AEB5DEE00D3F535 /* Build configuration list for PBXNativeTarget "TabTableTests" */;
			buildPhases = (
				F6FF4FAF1AEB5DEE00D3F535 /* Sources */,
				F6FF4FB01AEB5DEE00D3F535 /* Frameworks */,
				F6FF4FB11AEB5DEE00D3F535 /* Resources */,
			);
			buildRules = (
			);
			dependencies = (
				F6FF4FB51AEB5DEE00D3F535 /* PBXTargetDependency */,
			);
			name = TabTableTests;
			productName = TabTableTests;
			productReference = F6FF4FB31AEB5DEE00D3F535 /* TabTableTests.xctest */;
			productType = "com.apple.product-type.bundle.unit-test";
		};
/* End PBXNativeTarget section */

/* Begin PBXProject section */
		F6FF4F981AEB5DED00D3F535 /* Project object */ = {
			isa = PBXProject;
			attributes = {
				LastUpgradeCheck = 0630;
				ORGANIZATIONNAME = ebal;
				TargetAttributes = {
					F6FF4F9F1AEB5DED00D3F535 = {
						CreatedOnToolsVersion = 6.3.1;
					};
					F6FF4FB21AEB5DEE00D3F535 = {
						CreatedOnToolsVersion = 6.3.1;
						TestTargetID = F6FF4F9F1AEB5DED00D3F535;
					};
				};
			};
			buildConfigurationList = F6FF4F9B1AEB5DED00D3F535 /* Build configuration list for PBXProject "TabTable" */;
			compatibilityVersion = "Xcode 3.2";
			developmentRegion = English;
			hasScannedForEncodings = 0;
			knownRegions = (
				en,
				Base,
			);
			mainGroup = F6FF4F971AEB5DED00D3F535;
			productRefGroup = F6FF4FA11AEB5DED00D3F535 /* Products */;
			projectDirPath = "";
			projectRoot = "";
			targets = (
				F6FF4F9F1AEB5DED00D3F535 /* TabTable */,
				F6FF4FB21AEB5DEE00D3F535 /* TabTableTests */,
			);
		};
/* End PBXProject section */

/* Begin PBXResourcesBuildPhase section */
		F6FF4F9E1AEB5DED00D3F535 /* Resources */ = {
			isa = PBXResourcesBuildPhase;
			buildActionMask = 2147483647;
			files = (
				F6FF4FAB1AEB5DEE00D3F535 /* Images.xcassets in Resources */,
				F6FF4FAE1AEB5DEE00D3F535 /* MainMenu.xib in Resources */,
				F6FF4FCC1AEB5E8F00D3F535 /* MasterViewController.xib in Resources */,
			);
			runOnlyForDeploymentPostprocessing = 0;
		};
		F6FF4FB11AEB5DEE00D3F535 /* Resources */ = {
			isa = PBXResourcesBuildPhase;
			buildActionMask = 2147483647;
			files = (
			);
			runOnlyForDeploymentPostprocessing = 0;
		};
/* End PBXResourcesBuildPhase section */

/* Begin PBXSourcesBuildPhase section */
		F6FF4F9C1AEB5DED00D3F535 /* Sources */ = {
			isa = PBXSourcesBuildPhase;
			buildActionMask = 2147483647;
			files = (
				F6FF4FCE1AEB5EAA00D3F535 /* ViewController.swift in Sources */,
				F6FF4FCB1AEB5E8F00D3F535 /* MasterViewController.swift in Sources */,
				F6FF4FA91AEB5DEE00D3F535 /* TabTable.xcdatamodeld in Sources */,
				3DD57E7F1AEBEA6200FCFFED /* TableViewCell.swift in Sources */,
				1EA54B161AEC046500CDDBCF /* MenuControl.swift in Sources */,
				F6FF4FC61AEB5E4F00D3F535 /* TableItemData.swift in Sources */,
				3DD57E831AEC03BC00FCFFED /* AddTableViewCell.swift in Sources */,
				F627BEF41AEBE60600ECE810 /* TableData.swift in Sources */,
				F6FF4FC81AEB5E6000D3F535 /* TableItemDoc.swift in Sources */,
				F6FF4FA61AEB5DEE00D3F535 /* AppDelegate.swift in Sources */,
				3DD57E7D1AEB670400FCFFED /* DragView.swift in Sources */,
			);
			runOnlyForDeploymentPostprocessing = 0;
		};
		F6FF4FAF1AEB5DEE00D3F535 /* Sources */ = {
			isa = PBXSourcesBuildPhase;
			buildActionMask = 2147483647;
			files = (
				F6FF4FBA1AEB5DEE00D3F535 /* TabTableTests.swift in Sources */,
			);
			runOnlyForDeploymentPostprocessing = 0;
		};
/* End PBXSourcesBuildPhase section */

/* Begin PBXTargetDependency section */
		F6FF4FB51AEB5DEE00D3F535 /* PBXTargetDependency */ = {
			isa = PBXTargetDependency;
			target = F6FF4F9F1AEB5DED00D3F535 /* TabTable */;
			targetProxy = F6FF4FB41AEB5DEE00D3F535 /* PBXContainerItemProxy */;
		};
/* End PBXTargetDependency section */

/* Begin PBXVariantGroup section */
		F6FF4FAC1AEB5DEE00D3F535 /* MainMenu.xib */ = {
			isa = PBXVariantGroup;
			children = (
				F6FF4FAD1AEB5DEE00D3F535 /* Base */,
			);
			name = MainMenu.xib;
			sourceTree = "<group>";
		};
/* End PBXVariantGroup section */

/* Begin XCBuildConfiguration section */
		F6FF4FBB1AEB5DEE00D3F535 /* Debug */ = {
			isa = XCBuildConfiguration;
			buildSettings = {
				ALWAYS_SEARCH_USER_PATHS = NO;
				CLANG_CXX_LANGUAGE_STANDARD = "gnu++0x";
				CLANG_CXX_LIBRARY = "libc++";
				CLANG_ENABLE_MODULES = YES;
				CLANG_ENABLE_OBJC_ARC = YES;
				CLANG_WARN_BOOL_CONVERSION = YES;
				CLANG_WARN_CONSTANT_CONVERSION = YES;
				CLANG_WARN_DIRECT_OBJC_ISA_USAGE = YES_ERROR;
				CLANG_WARN_EMPTY_BODY = YES;
				CLANG_WARN_ENUM_CONVERSION = YES;
				CLANG_WARN_INT_CONVERSION = YES;
				CLANG_WARN_OBJC_ROOT_CLASS = YES_ERROR;
				CLANG_WARN_UNREACHABLE_CODE = YES;
				CLANG_WARN__DUPLICATE_METHOD_MATCH = YES;
				CODE_SIGN_IDENTITY = "-";
				COPY_PHASE_STRIP = NO;
				DEBUG_INFORMATION_FORMAT = dwarf;
				ENABLE_STRICT_OBJC_MSGSEND = YES;
				GCC_C_LANGUAGE_STANDARD = gnu99;
				GCC_DYNAMIC_NO_PIC = NO;
				GCC_NO_COMMON_BLOCKS = YES;
				GCC_OPTIMIZATION_LEVEL = 0;
				GCC_PREPROCESSOR_DEFINITIONS = (
					"DEBUG=1",
					"$(inherited)",
				);
				GCC_SYMBOLS_PRIVATE_EXTERN = NO;
				GCC_WARN_64_TO_32_BIT_CONVERSION = YES;
				GCC_WARN_ABOUT_RETURN_TYPE = YES_ERROR;
				GCC_WARN_UNDECLARED_SELECTOR = YES;
				GCC_WARN_UNINITIALIZED_AUTOS = YES_AGGRESSIVE;
				GCC_WARN_UNUSED_FUNCTION = YES;
				GCC_WARN_UNUSED_VARIABLE = YES;
				MACOSX_DEPLOYMENT_TARGET = 10.10;
				MTL_ENABLE_DEBUG_INFO = YES;
				ONLY_ACTIVE_ARCH = YES;
				SDKROOT = macosx;
				SWIFT_OPTIMIZATION_LEVEL = "-Onone";
			};
			name = Debug;
		};
		F6FF4FBC1AEB5DEE00D3F535 /* Release */ = {
			isa = XCBuildConfiguration;
			buildSettings = {
				ALWAYS_SEARCH_USER_PATHS = NO;
				CLANG_CXX_LANGUAGE_STANDARD = "gnu++0x";
				CLANG_CXX_LIBRARY = "libc++";
				CLANG_ENABLE_MODULES = YES;
				CLANG_ENABLE_OBJC_ARC = YES;
				CLANG_WARN_BOOL_CONVERSION = YES;
				CLANG_WARN_CONSTANT_CONVERSION = YES;
				CLANG_WARN_DIRECT_OBJC_ISA_USAGE = YES_ERROR;
				CLANG_WARN_EMPTY_BODY = YES;
				CLANG_WARN_ENUM_CONVERSION = YES;
				CLANG_WARN_INT_CONVERSION = YES;
				CLANG_WARN_OBJC_ROOT_CLASS = YES_ERROR;
				CLANG_WARN_UNREACHABLE_CODE = YES;
				CLANG_WARN__DUPLICATE_METHOD_MATCH = YES;
				CODE_SIGN_IDENTITY = "-";
				COPY_PHASE_STRIP = NO;
				DEBUG_INFORMATION_FORMAT = "dwarf-with-dsym";
				ENABLE_NS_ASSERTIONS = NO;
				ENABLE_STRICT_OBJC_MSGSEND = YES;
				GCC_C_LANGUAGE_STANDARD = gnu99;
				GCC_NO_COMMON_BLOCKS = YES;
				GCC_WARN_64_TO_32_BIT_CONVERSION = YES;
				GCC_WARN_ABOUT_RETURN_TYPE = YES_ERROR;
				GCC_WARN_UNDECLARED_SELECTOR = YES;
				GCC_WARN_UNINITIALIZED_AUTOS = YES_AGGRESSIVE;
				GCC_WARN_UNUSED_FUNCTION = YES;
				GCC_WARN_UNUSED_VARIABLE = YES;
				MACOSX_DEPLOYMENT_TARGET = 10.10;
				MTL_ENABLE_DEBUG_INFO = NO;
				SDKROOT = macosx;
			};
			name = Release;
		};
		F6FF4FBE1AEB5DEE00D3F535 /* Debug */ = {
			isa = XCBuildConfiguration;
			buildSettings = {
				ASSETCATALOG_COMPILER_APPICON_NAME = AppIcon;
				COMBINE_HIDPI_IMAGES = YES;
				INFOPLIST_FILE = TabTable/Info.plist;
				LD_RUNPATH_SEARCH_PATHS = "$(inherited) @executable_path/../Frameworks";
				PRODUCT_NAME = "$(TARGET_NAME)";
			};
			name = Debug;
		};
		F6FF4FBF1AEB5DEE00D3F535 /* Release */ = {
			isa = XCBuildConfiguration;
			buildSettings = {
				ASSETCATALOG_COMPILER_APPICON_NAME = AppIcon;
				COMBINE_HIDPI_IMAGES = YES;
				INFOPLIST_FILE = TabTable/Info.plist;
				LD_RUNPATH_SEARCH_PATHS = "$(inherited) @executable_path/../Frameworks";
				PRODUCT_NAME = "$(TARGET_NAME)";
			};
			name = Release;
		};
		F6FF4FC11AEB5DEE00D3F535 /* Debug */ = {
			isa = XCBuildConfiguration;
			buildSettings = {
				BUNDLE_LOADER = "$(TEST_HOST)";
				COMBINE_HIDPI_IMAGES = YES;
				FRAMEWORK_SEARCH_PATHS = (
					"$(DEVELOPER_FRAMEWORKS_DIR)",
					"$(inherited)",
				);
				GCC_PREPROCESSOR_DEFINITIONS = (
					"DEBUG=1",
					"$(inherited)",
				);
				INFOPLIST_FILE = TabTableTests/Info.plist;
				LD_RUNPATH_SEARCH_PATHS = "$(inherited) @executable_path/../Frameworks @loader_path/../Frameworks";
				PRODUCT_NAME = "$(TARGET_NAME)";
				TEST_HOST = "$(BUILT_PRODUCTS_DIR)/TabTable.app/Contents/MacOS/TabTable";
			};
			name = Debug;
		};
		F6FF4FC21AEB5DEE00D3F535 /* Release */ = {
			isa = XCBuildConfiguration;
			buildSettings = {
				BUNDLE_LOADER = "$(TEST_HOST)";
				COMBINE_HIDPI_IMAGES = YES;
				FRAMEWORK_SEARCH_PATHS = (
					"$(DEVELOPER_FRAMEWORKS_DIR)",
					"$(inherited)",
				);
				INFOPLIST_FILE = TabTableTests/Info.plist;
				LD_RUNPATH_SEARCH_PATHS = "$(inherited) @executable_path/../Frameworks @loader_path/../Frameworks";
				PRODUCT_NAME = "$(TARGET_NAME)";
				TEST_HOST = "$(BUILT_PRODUCTS_DIR)/TabTable.app/Contents/MacOS/TabTable";
			};
			name = Release;
		};
/* End XCBuildConfiguration section */

/* Begin XCConfigurationList section */
		F6FF4F9B1AEB5DED00D3F535 /* Build configuration list for PBXProject "TabTable" */ = {
			isa = XCConfigurationList;
			buildConfigurations = (
				F6FF4FBB1AEB5DEE00D3F535 /* Debug */,
				F6FF4FBC1AEB5DEE00D3F535 /* Release */,
			);
			defaultConfigurationIsVisible = 0;
			defaultConfigurationName = Release;
		};
		F6FF4FBD1AEB5DEE00D3F535 /* Build configuration list for PBXNativeTarget "TabTable" */ = {
			isa = XCConfigurationList;
			buildConfigurations = (
				F6FF4FBE1AEB5DEE00D3F535 /* Debug */,
				F6FF4FBF1AEB5DEE00D3F535 /* Release */,
			);
			defaultConfigurationIsVisible = 0;
			defaultConfigurationName = Release;
		};
		F6FF4FC01AEB5DEE00D3F535 /* Build configuration list for PBXNativeTarget "TabTableTests" */ = {
			isa = XCConfigurationList;
			buildConfigurations = (
				F6FF4FC11AEB5DEE00D3F535 /* Debug */,
				F6FF4FC21AEB5DEE00D3F535 /* Release */,
			);
			defaultConfigurationIsVisible = 0;
			defaultConfigurationName = Release;
		};
/* End XCConfigurationList section */

/* Begin XCVersionGroup section */
		F6FF4FA71AEB5DEE00D3F535 /* TabTable.xcdatamodeld */ = {
			isa = XCVersionGroup;
			children = (
				F6FF4FA81AEB5DEE00D3F535 /* TabTable.xcdatamodel */,
			);
			currentVersion = F6FF4FA81AEB5DEE00D3F535 /* TabTable.xcdatamodel */;
			path = TabTable.xcdatamodeld;
			sourceTree = "<group>";
			versionGroupType = wrapper.xcdatamodel;
		};
/* End XCVersionGroup section */
	};
	rootObject = F6FF4F981AEB5DED00D3F535 /* Project object */;
}
